
Microsoft Visual Studio Solution File, Format Version 12.00
# Visual Studio Version 17
VisualStudioVersion = 17.13.35919.96 d17.13
MinimumVisualStudioVersion = 10.0.40219.1
Project("{FAE04EC0-301F-11D3-BF4B-00C04F79EFBC}") = "SpartaRPG", "SpartaRPG\SpartaRPG.csproj", "{9BE80B2A-18E2-4FEF-AA4C-7A6BECD1F38A}"
EndProject
Global
	GlobalSection(SolutionConfigurationPlatforms) = preSolution
		Debug|Any CPU = Debug|Any CPU
		Release|Any CPU = Release|Any CPU
	EndGlobalSection
	GlobalSection(ProjectConfigurationPlatforms) = postSolution
		{9BE80B2A-18E2-4FEF-AA4C-7A6BECD1F38A}.Debug|Any CPU.ActiveCfg = Debug|Any CPU
		{9BE80B2A-18E2-4FEF-AA4C-7A6BECD1F38A}.Debug|Any CPU.Build.0 = Debug|Any CPU
		{9BE80B2A-18E2-4FEF-AA4C-7A6BECD1F38A}.Release|Any CPU.ActiveCfg = Release|Any CPU
		{9BE80B2A-18E2-4FEF-AA4C-7A6BECD1F38A}.Release|Any CPU.Build.0 = Release|Any CPU
	EndGlobalSection
	GlobalSection(SolutionProperties) = preSolution
		HideSolutionNode = FALSE
	EndGlobalSection
	GlobalSection(ExtensibilityGlobals) = postSolution
		SolutionGuid = {322C301A-DB21-43B2-8486-2160C5486E34}
	EndGlobalSection
EndGlobal
